// !$*UTF8*$!
{
	archiveVersion = 1;
	classes = {
	};
	objectVersion = 56;
	objects = {

/* Begin PBXBuildFile section */
		D3018AF729AE4963008834D8 /* FIRSTAPPApp.swift in Sources */ = {isa = PBXBuildFile; fileRef = D3018AF629AE4963008834D8 /* FIRSTAPPApp.swift */; };
		D3018AF929AE4963008834D8 /* ContentView.swift in Sources */ = {isa = PBXBuildFile; fileRef = D3018AF829AE4963008834D8 /* ContentView.swift */; };
		D3018AFB29AE4964008834D8 /* Assets.xcassets in Resources */ = {isa = PBXBuildFile; fileRef = D3018AFA29AE4964008834D8 /* Assets.xcassets */; };
		D3018AFE29AE4964008834D8 /* Preview Assets.xcassets in Resources */ = {isa = PBXBuildFile; fileRef = D3018AFD29AE4964008834D8 /* Preview Assets.xcassets */; };
		D3018B0829AE4965008834D8 /* FIRSTAPPTests.swift in Sources */ = {isa = PBXBuildFile; fileRef = D3018B0729AE4965008834D8 /* FIRSTAPPTests.swift */; };
		D3018B1229AE4965008834D8 /* FIRSTAPPUITests.swift in Sources */ = {isa = PBXBuildFile; fileRef = D3018B1129AE4965008834D8 /* FIRSTAPPUITests.swift */; };
		D3018B1429AE4965008834D8 /* FIRSTAPPUITestsLaunchTests.swift in Sources */ = {isa = PBXBuildFile; fileRef = D3018B1329AE4965008834D8 /* FIRSTAPPUITestsLaunchTests.swift */; };
/* End PBXBuildFile section */

/* Begin PBXContainerItemProxy section */
		D3018B0429AE4965008834D8 /* PBXContainerItemProxy */ = {
			isa = PBXContainerItemProxy;
			containerPortal = D3018AEB29AE4963008834D8 /* Project object */;
			proxyType = 1;
			remoteGlobalIDString = D3018AF229AE4963008834D8;
			remoteInfo = FIRSTAPP;
		};
		D3018B0E29AE4965008834D8 /* PBXContainerItemProxy */ = {
			isa = PBXContainerItemProxy;
			containerPortal = D3018AEB29AE4963008834D8 /* Project object */;
			proxyType = 1;
			remoteGlobalIDString = D3018AF229AE4963008834D8;
			remoteInfo = FIRSTAPP;
		};
/* End PBXContainerItemProxy section */

/* Begin PBXFileReference section */
		D3018AF329AE4963008834D8 /* FIRSTAPP.app */ = {isa = PBXFileReference; explicitFileType = wrapper.application; includeInIndex = 0; path = FIRSTAPP.app; sourceTree = BUILT_PRODUCTS_DIR; };
		D3018AF629AE4963008834D8 /* FIRSTAPPApp.swift */ = {isa = PBXFileReference; lastKnownFileType = sourcecode.swift; path = FIRSTAPPApp.swift; sourceTree = "<group>"; };
		D3018AF829AE4963008834D8 /* ContentView.swift */ = {isa = PBXFileReference; lastKnownFileType = sourcecode.swift; path = ContentView.swift; sourceTree = "<group>"; };
		D3018AFA29AE4964008834D8 /* Assets.xcassets */ = {isa = PBXFileReference; lastKnownFileType = folder.assetcatalog; path = Assets.xcassets; sourceTree = "<group>"; };
		D3018AFD29AE4964008834D8 /* Preview Assets.xcassets */ = {isa = PBXFileReference; lastKnownFileType = folder.assetcatalog; path = "Preview Assets.xcassets"; sourceTree = "<group>"; };
		D3018B0329AE4965008834D8 /* FIRSTAPPTests.xctest */ = {isa = PBXFileReference; explicitFileType = wrapper.cfbundle; includeInIndex = 0; path = FIRSTAPPTests.xctest; sourceTree = BUILT_PRODUCTS_DIR; };
		D3018B0729AE4965008834D8 /* FIRSTAPPTests.swift */ = {isa = PBXFileReference; lastKnownFileType = sourcecode.swift; path = FIRSTAPPTests.swift; sourceTree = "<group>"; };
		D3018B0D29AE4965008834D8 /* FIRSTAPPUITests.xctest */ = {isa = PBXFileReference; explicitFileType = wrapper.cfbundle; includeInIndex = 0; path = FIRSTAPPUITests.xctest; sourceTree = BUILT_PRODUCTS_DIR; };
		D3018B1129AE4965008834D8 /* FIRSTAPPUITests.swift */ = {isa = PBXFileReference; lastKnownFileType = sourcecode.swift; path = FIRSTAPPUITests.swift; sourceTree = "<group>"; };
		D3018B1329AE4965008834D8 /* FIRSTAPPUITestsLaunchTests.swift */ = {isa = PBXFileReference; lastKnownFileType = sourcecode.swift; path = FIRSTAPPUITestsLaunchTests.swift; sourceTree = "<group>"; };
/* End PBXFileReference section */

/* Begin PBXFrameworksBuildPhase section */
		D3018AF029AE4963008834D8 /* Frameworks */ = {
			isa = PBXFrameworksBuildPhase;
			buildActionMask = 2147483647;
			files = (
			);
			runOnlyForDeploymentPostprocessing = 0;
		};
		D3018B0029AE4965008834D8 /* Frameworks */ = {
			isa = PBXFrameworksBuildPhase;
			buildActionMask = 2147483647;
			files = (
			);
			runOnlyForDeploymentPostprocessing = 0;
		};
		D3018B0A29AE4965008834D8 /* Frameworks */ = {
			isa = PBXFrameworksBuildPhase;
			buildActionMask = 2147483647;
			files = (
			);
			runOnlyForDeploymentPostprocessing = 0;
		};
/* End PBXFrameworksBuildPhase section */

/* Begin PBXGroup section */
		D3018AEA29AE4963008834D8 = {
			isa = PBXGroup;
			children = (
				D3018AF529AE4963008834D8 /* FIRSTAPP */,
				D3018B0629AE4965008834D8 /* FIRSTAPPTests */,
				D3018B1029AE4965008834D8 /* FIRSTAPPUITests */,
				D3018AF429AE4963008834D8 /* Products */,
			);
			sourceTree = "<group>";
		};
		D3018AF429AE4963008834D8 /* Products */ = {
			isa = PBXGroup;
			children = (
				D3018AF329AE4963008834D8 /* FIRSTAPP.app */,
				D3018B0329AE4965008834D8 /* FIRSTAPPTests.xctest */,
				D3018B0D29AE4965008834D8 /* FIRSTAPPUITests.xctest */,
			);
			name = Products;
			sourceTree = "<group>";
		};
		D3018AF529AE4963008834D8 /* FIRSTAPP */ = {
			isa = PBXGroup;
			children = (
				D3018AF629AE4963008834D8 /* FIRSTAPPApp.swift */,
				D3018AF829AE4963008834D8 /* ContentView.swift */,
				D3018AFA29AE4964008834D8 /* Assets.xcassets */,
				D3018AFC29AE4964008834D8 /* Preview Content */,
			);
			path = FIRSTAPP;
			sourceTree = "<group>";
		};
		D3018AFC29AE4964008834D8 /* Preview Content */ = {
			isa = PBXGroup;
			children = (
				D3018AFD29AE4964008834D8 /* Preview Assets.xcassets */,
			);
			path = "Preview Content";
			sourceTree = "<group>";
		};
		D3018B0629AE4965008834D8 /* FIRSTAPPTests */ = {
			isa = PBXGroup;
			children = (
				D3018B0729AE4965008834D8 /* FIRSTAPPTests.swift */,
			);
			path = FIRSTAPPTests;
			sourceTree = "<group>";
		};
		D3018B1029AE4965008834D8 /* FIRSTAPPUITests */ = {
			isa = PBXGroup;
			children = (
				D3018B1129AE4965008834D8 /* FIRSTAPPUITests.swift */,
				D3018B1329AE4965008834D8 /* FIRSTAPPUITestsLaunchTests.swift */,
			);
			path = FIRSTAPPUITests;
			sourceTree = "<group>";
		};
/* End PBXGroup section */

/* Begin PBXNativeTarget section */
		D3018AF229AE4963008834D8 /* FIRSTAPP */ = {
			isa = PBXNativeTarget;
			buildConfigurationList = D3018B1729AE4965008834D8 /* Build configuration list for PBXNativeTarget "FIRSTAPP" */;
			buildPhases = (
				D3018AEF29AE4963008834D8 /* Sources */,
				D3018AF029AE4963008834D8 /* Frameworks */,
				D3018AF129AE4963008834D8 /* Resources */,
			);
			buildRules = (
			);
			dependencies = (
			);
			name = FIRSTAPP;
			productName = FIRSTAPP;
			productReference = D3018AF329AE4963008834D8 /* FIRSTAPP.app */;
			productType = "com.apple.product-type.application";
		};
		D3018B0229AE4965008834D8 /* FIRSTAPPTests */ = {
			isa = PBXNativeTarget;
			buildConfigurationList = D3018B1A29AE4965008834D8 /* Build configuration list for PBXNativeTarget "FIRSTAPPTests" */;
			buildPhases = (
				D3018AFF29AE4965008834D8 /* Sources */,
				D3018B0029AE4965008834D8 /* Frameworks */,
				D3018B0129AE4965008834D8 /* Resources */,
			);
			buildRules = (
			);
			dependencies = (
				D3018B0529AE4965008834D8 /* PBXTargetDependency */,
			);
			name = FIRSTAPPTests;
			productName = FIRSTAPPTests;
			productReference = D3018B0329AE4965008834D8 /* FIRSTAPPTests.xctest */;
			productType = "com.apple.product-type.bundle.unit-test";
		};
		D3018B0C29AE4965008834D8 /* FIRSTAPPUITests */ = {
			isa = PBXNativeTarget;
			buildConfigurationList = D3018B1D29AE4965008834D8 /* Build configuration list for PBXNativeTarget "FIRSTAPPUITests" */;
			buildPhases = (
				D3018B0929AE4965008834D8 /* Sources */,
				D3018B0A29AE4965008834D8 /* Frameworks */,
				D3018B0B29AE4965008834D8 /* Resources */,
			);
			buildRules = (
			);
			dependencies = (
				D3018B0F29AE4965008834D8 /* PBXTargetDependency */,
			);
			name = FIRSTAPPUITests;
			productName = FIRSTAPPUITests;
			productReference = D3018B0D29AE4965008834D8 /* FIRSTAPPUITests.xctest */;
			productType = "com.apple.product-type.bundle.ui-testing";
		};
/* End PBXNativeTarget section */

/* Begin PBXProject section */
		D3018AEB29AE4963008834D8 /* Project object */ = {
			isa = PBXProject;
			attributes = {
				BuildIndependentTargetsInParallel = 1;
				LastSwiftUpdateCheck = 1400;
				LastUpgradeCheck = 1400;
				TargetAttributes = {
					D3018AF229AE4963008834D8 = {
						CreatedOnToolsVersion = 14.0;
					};
					D3018B0229AE4965008834D8 = {
						CreatedOnToolsVersion = 14.0;
						TestTargetID = D3018AF229AE4963008834D8;
					};
					D3018B0C29AE4965008834D8 = {
						CreatedOnToolsVersion = 14.0;
						TestTargetID = D3018AF229AE4963008834D8;
					};
				};
			};
			buildConfigurationList = D3018AEE29AE4963008834D8 /* Build configuration list for PBXProject "FIRSTAPP" */;
			compatibilityVersion = "Xcode 14.0";
			developmentRegion = en;
			hasScannedForEncodings = 0;
			knownRegions = (
				en,
				Base,
			);
			mainGroup = D3018AEA29AE4963008834D8;
			productRefGroup = D3018AF429AE4963008834D8 /* Products */;
			projectDirPath = "";
			projectRoot = "";
			targets = (
				D3018AF229AE4963008834D8 /* FIRSTAPP */,
				D3018B0229AE4965008834D8 /* FIRSTAPPTests */,
				D3018B0C29AE4965008834D8 /* FIRSTAPPUITests */,
			);
		};
/* End PBXProject section */

/* Begin PBXResourcesBuildPhase section */
		D3018AF129AE4963008834D8 /* Resources */ = {
			isa = PBXResourcesBuildPhase;
			buildActionMask = 2147483647;
			files = (
				D3018AFE29AE4964008834D8 /* Preview Assets.xcassets in Resources */,
				D3018AFB29AE4964008834D8 /* Assets.xcassets in Resources */,
			);
			runOnlyForDeploymentPostprocessing = 0;
		};
		D3018B0129AE4965008834D8 /* Resources */ = {
			isa = PBXResourcesBuildPhase;
			buildActionMask = 2147483647;
			files = (
			);
			runOnlyForDeploymentPostprocessing = 0;
		};
		D3018B0B29AE4965008834D8 /* Resources */ = {
			isa = PBXResourcesBuildPhase;
			buildActionMask = 2147483647;
			files = (
			);
			runOnlyForDeploymentPostprocessing = 0;
		};
/* End PBXResourcesBuildPhase section */

/* Begin PBXSourcesBuildPhase section */
		D3018AEF29AE4963008834D8 /* Sources */ = {
			isa = PBXSourcesBuildPhase;
			buildActionMask = 2147483647;
			files = (
				D3018AF929AE4963008834D8 /* ContentView.swift in Sources */,
				D3018AF729AE4963008834D8 /* FIRSTAPPApp.swift in Sources */,
			);
			runOnlyForDeploymentPostprocessing = 0;
		};
		D3018AFF29AE4965008834D8 /* Sources */ = {
			isa = PBXSourcesBuildPhase;
			buildActionMask = 2147483647;
			files = (
				D3018B0829AE4965008834D8 /* FIRSTAPPTests.swift in Sources */,
			);
			runOnlyForDeploymentPostprocessing = 0;
		};
		D3018B0929AE4965008834D8 /* Sources */ = {
			isa = PBXSourcesBuildPhase;
			buildActionMask = 2147483647;
			files = (
				D3018B1429AE4965008834D8 /* FIRSTAPPUITestsLaunchTests.swift in Sources */,
				D3018B1229AE4965008834D8 /* FIRSTAPPUITests.swift in Sources */,
			);
			runOnlyForDeploymentPostprocessing = 0;
		};
/* End PBXSourcesBuildPhase section */

/* Begin PBXTargetDependency section */
		D3018B0529AE4965008834D8 /* PBXTargetDependency */ = {
			isa = PBXTargetDependency;
			target = D3018AF229AE4963008834D8 /* FIRSTAPP */;
			targetProxy = D3018B0429AE4965008834D8 /* PBXContainerItemProxy */;
		};
		D3018B0F29AE4965008834D8 /* PBXTargetDependency */ = {
			isa = PBXTargetDependency;
			target = D3018AF229AE4963008834D8 /* FIRSTAPP */;
			targetProxy = D3018B0E29AE4965008834D8 /* PBXContainerItemProxy */;
		};
/* End PBXTargetDependency section */

/* Begin XCBuildConfiguration section */
		D3018B1529AE4965008834D8 /* Debug */ = {
			isa = XCBuildConfiguration;
			buildSettings = {
				ALWAYS_SEARCH_USER_PATHS = NO;
				CLANG_ANALYZER_NONNULL = YES;
				CLANG_ANALYZER_NUMBER_OBJECT_CONVERSION = YES_AGGRESSIVE;
				CLANG_CXX_LANGUAGE_STANDARD = "gnu++20";
				CLANG_ENABLE_MODULES = YES;
				CLANG_ENABLE_OBJC_ARC = YES;
				CLANG_ENABLE_OBJC_WEAK = YES;
				CLANG_WARN_BLOCK_CAPTURE_AUTORELEASING = YES;
				CLANG_WARN_BOOL_CONVERSION = YES;
				CLANG_WARN_COMMA = YES;
				CLANG_WARN_CONSTANT_CONVERSION = YES;
				CLANG_WARN_DEPRECATED_OBJC_IMPLEMENTATIONS = YES;
				CLANG_WARN_DIRECT_OBJC_ISA_USAGE = YES_ERROR;
				CLANG_WARN_DOCUMENTATION_COMMENTS = YES;
				CLANG_WARN_EMPTY_BODY = YES;
				CLANG_WARN_ENUM_CONVERSION = YES;
				CLANG_WARN_INFINITE_RECURSION = YES;
				CLANG_WARN_INT_CONVERSION = YES;
				CLANG_WARN_NON_LITERAL_NULL_CONVERSION = YES;
				CLANG_WARN_OBJC_IMPLICIT_RETAIN_SELF = YES;
				CLANG_WARN_OBJC_LITERAL_CONVERSION = YES;
				CLANG_WARN_OBJC_ROOT_CLASS = YES_ERROR;
				CLANG_WARN_QUOTED_INCLUDE_IN_FRAMEWORK_HEADER = YES;
				CLANG_WARN_RANGE_LOOP_ANALYSIS = YES;
				CLANG_WARN_STRICT_PROTOTYPES = YES;
				CLANG_WARN_SUSPICIOUS_MOVE = YES;
				CLANG_WARN_UNGUARDED_AVAILABILITY = YES_AGGRESSIVE;
				CLANG_WARN_UNREACHABLE_CODE = YES;
				CLANG_WARN__DUPLICATE_METHOD_MATCH = YES;
				COPY_PHASE_STRIP = NO;
				DEBUG_INFORMATION_FORMAT = dwarf;
				ENABLE_STRICT_OBJC_MSGSEND = YES;
				ENABLE_TESTABILITY = YES;
				GCC_C_LANGUAGE_STANDARD = gnu11;
				GCC_DYNAMIC_NO_PIC = NO;
				GCC_NO_COMMON_BLOCKS = YES;
				GCC_OPTIMIZATION_LEVEL = 0;
				GCC_PREPROCESSOR_DEFINITIONS = (
					"DEBUG=1",
					"$(inherited)",
				);
				GCC_WARN_64_TO_32_BIT_CONVERSION = YES;
				GCC_WARN_ABOUT_RETURN_TYPE = YES_ERROR;
				GCC_WARN_UNDECLARED_SELECTOR = YES;
				GCC_WARN_UNINITIALIZED_AUTOS = YES_AGGRESSIVE;
				GCC_WARN_UNUSED_FUNCTION = YES;
				GCC_WARN_UNUSED_VARIABLE = YES;
				IPHONEOS_DEPLOYMENT_TARGET = 16.0;
				MTL_ENABLE_DEBUG_INFO = INCLUDE_SOURCE;
				MTL_FAST_MATH = YES;
				ONLY_ACTIVE_ARCH = YES;
				SDKROOT = iphoneos;
				SWIFT_ACTIVE_COMPILATION_CONDITIONS = DEBUG;
				SWIFT_OPTIMIZATION_LEVEL = "-Onone";
			};
			name = Debug;
		};
		D3018B1629AE4965008834D8 /* Release */ = {
			isa = XCBuildConfiguration;
			buildSettings = {
				ALWAYS_SEARCH_USER_PATHS = NO;
				CLANG_ANALYZER_NONNULL = YES;
				CLANG_ANALYZER_NUMBER_OBJECT_CONVERSION = YES_AGGRESSIVE;
				CLANG_CXX_LANGUAGE_STANDARD = "gnu++20";
				CLANG_ENABLE_MODULES = YES;
				CLANG_ENABLE_OBJC_ARC = YES;
				CLANG_ENABLE_OBJC_WEAK = YES;
				CLANG_WARN_BLOCK_CAPTURE_AUTORELEASING = YES;
				CLANG_WARN_BOOL_CONVERSION = YES;
				CLANG_WARN_COMMA = YES;
				CLANG_WARN_CONSTANT_CONVERSION = YES;
				CLANG_WARN_DEPRECATED_OBJC_IMPLEMENTATIONS = YES;
				CLANG_WARN_DIRECT_OBJC_ISA_USAGE = YES_ERROR;
				CLANG_WARN_DOCUMENTATION_COMMENTS = YES;
				CLANG_WARN_EMPTY_BODY = YES;
				CLANG_WARN_ENUM_CONVERSION = YES;
				CLANG_WARN_INFINITE_RECURSION = YES;
				CLANG_WARN_INT_CONVERSION = YES;
				CLANG_WARN_NON_LITERAL_NULL_CONVERSION = YES;
				CLANG_WARN_OBJC_IMPLICIT_RETAIN_SELF = YES;
				CLANG_WARN_OBJC_LITERAL_CONVERSION = YES;
				CLANG_WARN_OBJC_ROOT_CLASS = YES_ERROR;
				CLANG_WARN_QUOTED_INCLUDE_IN_FRAMEWORK_HEADER = YES;
				CLANG_WARN_RANGE_LOOP_ANALYSIS = YES;
				CLANG_WARN_STRICT_PROTOTYPES = YES;
				CLANG_WARN_SUSPICIOUS_MOVE = YES;
				CLANG_WARN_UNGUARDED_AVAILABILITY = YES_AGGRESSIVE;
				CLANG_WARN_UNREACHABLE_CODE = YES;
				CLANG_WARN__DUPLICATE_METHOD_MATCH = YES;
				COPY_PHASE_STRIP = NO;
				DEBUG_INFORMATION_FORMAT = "dwarf-with-dsym";
				ENABLE_NS_ASSERTIONS = NO;
				ENABLE_STRICT_OBJC_MSGSEND = YES;
				GCC_C_LANGUAGE_STANDARD = gnu11;
				GCC_NO_COMMON_BLOCKS = YES;
				GCC_WARN_64_TO_32_BIT_CONVERSION = YES;
				GCC_WARN_ABOUT_RETURN_TYPE = YES_ERROR;
				GCC_WARN_UNDECLARED_SELECTOR = YES;
				GCC_WARN_UNINITIALIZED_AUTOS = YES_AGGRESSIVE;
				GCC_WARN_UNUSED_FUNCTION = YES;
				GCC_WARN_UNUSED_VARIABLE = YES;
				IPHONEOS_DEPLOYMENT_TARGET = 16.0;
				MTL_ENABLE_DEBUG_INFO = NO;
				MTL_FAST_MATH = YES;
				SDKROOT = iphoneos;
				SWIFT_COMPILATION_MODE = wholemodule;
				SWIFT_OPTIMIZATION_LEVEL = "-O";
				VALIDATE_PRODUCT = YES;
			};
			name = Release;
		};
		D3018B1829AE4965008834D8 /* Debug */ = {
			isa = XCBuildConfiguration;
			buildSettings = {
				ASSETCATALOG_COMPILER_APPICON_NAME = AppIcon;
				ASSETCATALOG_COMPILER_GLOBAL_ACCENT_COLOR_NAME = AccentColor;
				CODE_SIGN_STYLE = Automatic;
				CURRENT_PROJECT_VERSION = 1;
				DEVELOPMENT_ASSET_PATHS = "\"FIRSTAPP/Preview Content\"";
				ENABLE_PREVIEWS = YES;
				GENERATE_INFOPLIST_FILE = YES;
				INFOPLIST_KEY_UIApplicationSceneManifest_Generation = YES;
				INFOPLIST_KEY_UIApplicationSupportsIndirectInputEvents = YES;
				INFOPLIST_KEY_UILaunchScreen_Generation = YES;
				INFOPLIST_KEY_UISupportedInterfaceOrientations_iPad = "UIInterfaceOrientationPortrait UIInterfaceOrientationPortraitUpsideDown UIInterfaceOrientationLandscapeLeft UIInterfaceOrientationLandscapeRight";
				INFOPLIST_KEY_UISupportedInterfaceOrientations_iPhone = "UIInterfaceOrientationPortrait UIInterfaceOrientationLandscapeLeft UIInterfaceOrientationLandscapeRight";
				LD_RUNPATH_SEARCH_PATHS = (
					"$(inherited)",
					"@executable_path/Frameworks",
				);
				MARKETING_VERSION = 1.0;
				PRODUCT_BUNDLE_IDENTIFIER = com.fms.firstapp.FIRSTAPP;
				PRODUCT_NAME = "$(TARGET_NAME)";
				SWIFT_EMIT_LOC_STRINGS = YES;
				SWIFT_VERSION = 5.0;
				TARGETED_DEVICE_FAMILY = "1,2";
			};
			name = Debug;
		};
		D3018B1929AE4965008834D8 /* Release */ = {
			isa = XCBuildConfiguration;
			buildSettings = {
				ASSETCATALOG_COMPILER_APPICON_NAME = AppIcon;
				ASSETCATALOG_COMPILER_GLOBAL_ACCENT_COLOR_NAME = AccentColor;
				CODE_SIGN_STYLE = Automatic;
				CURRENT_PROJECT_VERSION = 1;
				DEVELOPMENT_ASSET_PATHS = "\"FIRSTAPP/Preview Content\"";
				ENABLE_PREVIEWS = YES;
				GENERATE_INFOPLIST_FILE = YES;
				INFOPLIST_KEY_UIApplicationSceneManifest_Generation = YES;
				INFOPLIST_KEY_UIApplicationSupportsIndirectInputEvents = YES;
				INFOPLIST_KEY_UILaunchScreen_Generation = YES;
				INFOPLIST_KEY_UISupportedInterfaceOrientations_iPad = "UIInterfaceOrientationPortrait UIInterfaceOrientationPortraitUpsideDown UIInterfaceOrientationLandscapeLeft UIInterfaceOrientationLandscapeRight";
				INFOPLIST_KEY_UISupportedInterfaceOrientations_iPhone = "UIInterfaceOrientationPortrait UIInterfaceOrientationLandscapeLeft UIInterfaceOrientationLandscapeRight";
				LD_RUNPATH_SEARCH_PATHS = (
					"$(inherited)",
					"@executable_path/Frameworks",
				);
				MARKETING_VERSION = 1.0;
				PRODUCT_BUNDLE_IDENTIFIER = com.fms.firstapp.FIRSTAPP;
				PRODUCT_NAME = "$(TARGET_NAME)";
				SWIFT_EMIT_LOC_STRINGS = YES;
				SWIFT_VERSION = 5.0;
				TARGETED_DEVICE_FAMILY = "1,2";
			};
			name = Release;
		};
		D3018B1B29AE4965008834D8 /* Debug */ = {
			isa = XCBuildConfiguration;
			buildSettings = {
				ALWAYS_EMBED_SWIFT_STANDARD_LIBRARIES = YES;
				BUNDLE_LOADER = "$(TEST_HOST)";
				CODE_SIGN_STYLE = Automatic;
				CURRENT_PROJECT_VERSION = 1;
				GENERATE_INFOPLIST_FILE = YES;
				IPHONEOS_DEPLOYMENT_TARGET = 16.0;
				MARKETING_VERSION = 1.0;
				PRODUCT_BUNDLE_IDENTIFIER = com.fms.firstapp.FIRSTAPPTests;
				PRODUCT_NAME = "$(TARGET_NAME)";
				SWIFT_EMIT_LOC_STRINGS = NO;
				SWIFT_VERSION = 5.0;
				TARGETED_DEVICE_FAMILY = "1,2";
				TEST_HOST = "$(BUILT_PRODUCTS_DIR)/FIRSTAPP.app/$(BUNDLE_EXECUTABLE_FOLDER_PATH)/FIRSTAPP";
			};
			name = Debug;
		};
		D3018B1C29AE4965008834D8 /* Release */ = {
			isa = XCBuildConfiguration;
			buildSettings = {
				ALWAYS_EMBED_SWIFT_STANDARD_LIBRARIES = YES;
				BUNDLE_LOADER = "$(TEST_HOST)";
				CODE_SIGN_STYLE = Automatic;
				CURRENT_PROJECT_VERSION = 1;
				GENERATE_INFOPLIST_FILE = YES;
				IPHONEOS_DEPLOYMENT_TARGET = 16.0;
				MARKETING_VERSION = 1.0;
				PRODUCT_BUNDLE_IDENTIFIER = com.fms.firstapp.FIRSTAPPTests;
				PRODUCT_NAME = "$(TARGET_NAME)";
				SWIFT_EMIT_LOC_STRINGS = NO;
				SWIFT_VERSION = 5.0;
				TARGETED_DEVICE_FAMILY = "1,2";
				TEST_HOST = "$(BUILT_PRODUCTS_DIR)/FIRSTAPP.app/$(BUNDLE_EXECUTABLE_FOLDER_PATH)/FIRSTAPP";
			};
			name = Release;
		};
		D3018B1E29AE4965008834D8 /* Debug */ = {
			isa = XCBuildConfiguration;
			buildSettings = {
				ALWAYS_EMBED_SWIFT_STANDARD_LIBRARIES = YES;
				CODE_SIGN_STYLE = Automatic;
				CURRENT_PROJECT_VERSION = 1;
				GENERATE_INFOPLIST_FILE = YES;
				MARKETING_VERSION = 1.0;
				PRODUCT_BUNDLE_IDENTIFIER = com.fms.firstapp.FIRSTAPPUITests;
				PRODUCT_NAME = "$(TARGET_NAME)";
				SWIFT_EMIT_LOC_STRINGS = NO;
				SWIFT_VERSION = 5.0;
				TARGETED_DEVICE_FAMILY = "1,2";
				TEST_TARGET_NAME = FIRSTAPP;
			};
			name = Debug;
		};
		D3018B1F29AE4965008834D8 /* Release */ = {
			isa = XCBuildConfiguration;
			buildSettings = {
				ALWAYS_EMBED_SWIFT_STANDARD_LIBRARIES = YES;
				CODE_SIGN_STYLE = Automatic;
				CURRENT_PROJECT_VERSION = 1;
				GENERATE_INFOPLIST_FILE = YES;
				MARKETING_VERSION = 1.0;
				PRODUCT_BUNDLE_IDENTIFIER = com.fms.firstapp.FIRSTAPPUITests;
				PRODUCT_NAME = "$(TARGET_NAME)";
				SWIFT_EMIT_LOC_STRINGS = NO;
				SWIFT_VERSION = 5.0;
				TARGETED_DEVICE_FAMILY = "1,2";
				TEST_TARGET_NAME = FIRSTAPP;
			};
			name = Release;
		};
/* End XCBuildConfiguration section */

/* Begin XCConfigurationList section */
		D3018AEE29AE4963008834D8 /* Build configuration list for PBXProject "FIRSTAPP" */ = {
			isa = XCConfigurationList;
			buildConfigurations = (
				D3018B1529AE4965008834D8 /* Debug */,
				D3018B1629AE4965008834D8 /* Release */,
			);
			defaultConfigurationIsVisible = 0;
			defaultConfigurationName = Release;
		};
		D3018B1729AE4965008834D8 /* Build configuration list for PBXNativeTarget "FIRSTAPP" */ = {
			isa = XCConfigurationList;
			buildConfigurations = (
				D3018B1829AE4965008834D8 /* Debug */,
				D3018B1929AE4965008834D8 /* Release */,
			);
			defaultConfigurationIsVisible = 0;
			defaultConfigurationName = Release;
		};
		D3018B1A29AE4965008834D8 /* Build configuration list for PBXNativeTarget "FIRSTAPPTests" */ = {
			isa = XCConfigurationList;
			buildConfigurations = (
				D3018B1B29AE4965008834D8 /* Debug */,
				D3018B1C29AE4965008834D8 /* Release */,
			);
			defaultConfigurationIsVisible = 0;
			defaultConfigurationName = Release;
		};
		D3018B1D29AE4965008834D8 /* Build configuration list for PBXNativeTarget "FIRSTAPPUITests" */ = {
			isa = XCConfigurationList;
			buildConfigurations = (
				D3018B1E29AE4965008834D8 /* Debug */,
				D3018B1F29AE4965008834D8 /* Release */,
			);
			defaultConfigurationIsVisible = 0;
			defaultConfigurationName = Release;
		};
/* End XCConfigurationList section */
	};
	rootObject = D3018AEB29AE4963008834D8 /* Project object */;
}
