// !$*UTF8*$!
{
	archiveVersion = 1;
	classes = {
	};
	objectVersion = 56;
	objects = {

/* Begin PBXBuildFile section */
		309370A9B578631E40E49085 /* Pods_FIRSTAPP.framework in Frameworks */ = {isa = PBXBuildFile; fileRef = 978FEFE83BC57C4E1C82D124 /* Pods_FIRSTAPP.framework */; };
		43638A8527798C22D086036E /* Pods_FIRSTAPPTests.framework in Frameworks */ = {isa = PBXBuildFile; fileRef = 192A0F03BDC1EC8F31026344 /* Pods_FIRSTAPPTests.framework */; };
		AD1F3886E6D10D852FC8902E /* Pods_FIRSTAPP_FIRSTAPPUITests.framework in Frameworks */ = {isa = PBXBuildFile; fileRef = 2D352EC2AF2F4559A0B40683 /* Pods_FIRSTAPP_FIRSTAPPUITests.framework */; };
		D3018AF729AE4963008834D8 /* FIRSTAPPApp.swift in Sources */ = {isa = PBXBuildFile; fileRef = D3018AF629AE4963008834D8 /* FIRSTAPPApp.swift */; };
		D3018AF929AE4963008834D8 /* HomeView.swift in Sources */ = {isa = PBXBuildFile; fileRef = D3018AF829AE4963008834D8 /* HomeView.swift */; };
		D3018AFB29AE4964008834D8 /* Assets.xcassets in Resources */ = {isa = PBXBuildFile; fileRef = D3018AFA29AE4964008834D8 /* Assets.xcassets */; };
		D3018AFE29AE4964008834D8 /* Preview Assets.xcassets in Resources */ = {isa = PBXBuildFile; fileRef = D3018AFD29AE4964008834D8 /* Preview Assets.xcassets */; };
		D3018B0829AE4965008834D8 /* FIRSTAPPTests.swift in Sources */ = {isa = PBXBuildFile; fileRef = D3018B0729AE4965008834D8 /* FIRSTAPPTests.swift */; };
		D3018B1229AE4965008834D8 /* FIRSTAPPUITests.swift in Sources */ = {isa = PBXBuildFile; fileRef = D3018B1129AE4965008834D8 /* FIRSTAPPUITests.swift */; };
		D3018B1429AE4965008834D8 /* FIRSTAPPUITestsLaunchTests.swift in Sources */ = {isa = PBXBuildFile; fileRef = D3018B1329AE4965008834D8 /* FIRSTAPPUITestsLaunchTests.swift */; };
		D30FC8EF29B2017900919207 /* Alamofire in Frameworks */ = {isa = PBXBuildFile; productRef = D30FC8EE29B2017900919207 /* Alamofire */; };
		D3328AB929B097AB003596AF /* ChatView.swift in Sources */ = {isa = PBXBuildFile; fileRef = D3328AB829B097AB003596AF /* ChatView.swift */; };
		D3328ABD29B0BC84003596AF /* UserListTile.swift in Sources */ = {isa = PBXBuildFile; fileRef = D3328ABC29B0BC84003596AF /* UserListTile.swift */; };
		D3328ABF29B0BF4A003596AF /* UserModel.swift in Sources */ = {isa = PBXBuildFile; fileRef = D3328ABE29B0BF4A003596AF /* UserModel.swift */; };
		D3328AC129B0C548003596AF /* HomeViewModel.swift in Sources */ = {isa = PBXBuildFile; fileRef = D3328AC029B0C548003596AF /* HomeViewModel.swift */; };
		D3328AC329B0C7B9003596AF /* ChatViewModel.swift in Sources */ = {isa = PBXBuildFile; fileRef = D3328AC229B0C7B9003596AF /* ChatViewModel.swift */; };
		D37B784229B732DF009FDBBD /* CircularAvatarImageView.swift in Sources */ = {isa = PBXBuildFile; fileRef = D37B784129B732DF009FDBBD /* CircularAvatarImageView.swift */; };
		D37B784529B73B50009FDBBD /* URLImage in Frameworks */ = {isa = PBXBuildFile; productRef = D37B784429B73B50009FDBBD /* URLImage */; };
		D37B784729B75452009FDBBD /* ChatModel.swift in Sources */ = {isa = PBXBuildFile; fileRef = D37B784629B75452009FDBBD /* ChatModel.swift */; };
		D37B784A29B759DB009FDBBD /* SocketioHelper.swift in Sources */ = {isa = PBXBuildFile; fileRef = D37B784929B759DB009FDBBD /* SocketioHelper.swift */; };
		D37B784D29B75ABE009FDBBD /* SocketIO in Frameworks */ = {isa = PBXBuildFile; productRef = D37B784C29B75ABE009FDBBD /* SocketIO */; };
		D386DA5729B231A200E84BC1 /* SwiftyJSON in Frameworks */ = {isa = PBXBuildFile; productRef = D386DA5629B231A200E84BC1 /* SwiftyJSON */; };
/* End PBXBuildFile section */

/* Begin PBXContainerItemProxy section */
		D3018B0429AE4965008834D8 /* PBXContainerItemProxy */ = {
			isa = PBXContainerItemProxy;
			containerPortal = D3018AEB29AE4963008834D8 /* Project object */;
			proxyType = 1;
			remoteGlobalIDString = D3018AF229AE4963008834D8;
			remoteInfo = FIRSTAPP;
		};
		D3018B0E29AE4965008834D8 /* PBXContainerItemProxy */ = {
			isa = PBXContainerItemProxy;
			containerPortal = D3018AEB29AE4963008834D8 /* Project object */;
			proxyType = 1;
			remoteGlobalIDString = D3018AF229AE4963008834D8;
			remoteInfo = FIRSTAPP;
		};
/* End PBXContainerItemProxy section */

/* Begin PBXFileReference section */
		0E300ED111B220C91B790CCA /* Pods-FIRSTAPP.release.xcconfig */ = {isa = PBXFileReference; includeInIndex = 1; lastKnownFileType = text.xcconfig; name = "Pods-FIRSTAPP.release.xcconfig"; path = "Target Support Files/Pods-FIRSTAPP/Pods-FIRSTAPP.release.xcconfig"; sourceTree = "<group>"; };
		192A0F03BDC1EC8F31026344 /* Pods_FIRSTAPPTests.framework */ = {isa = PBXFileReference; explicitFileType = wrapper.framework; includeInIndex = 0; path = Pods_FIRSTAPPTests.framework; sourceTree = BUILT_PRODUCTS_DIR; };
		1F54C0A18468380ACDE2E52C /* Pods-FIRSTAPP-FIRSTAPPUITests.release.xcconfig */ = {isa = PBXFileReference; includeInIndex = 1; lastKnownFileType = text.xcconfig; name = "Pods-FIRSTAPP-FIRSTAPPUITests.release.xcconfig"; path = "Target Support Files/Pods-FIRSTAPP-FIRSTAPPUITests/Pods-FIRSTAPP-FIRSTAPPUITests.release.xcconfig"; sourceTree = "<group>"; };
		2D352EC2AF2F4559A0B40683 /* Pods_FIRSTAPP_FIRSTAPPUITests.framework */ = {isa = PBXFileReference; explicitFileType = wrapper.framework; includeInIndex = 0; path = Pods_FIRSTAPP_FIRSTAPPUITests.framework; sourceTree = BUILT_PRODUCTS_DIR; };
		491DF025D2C76E3EAEF14ED3 /* Pods-FIRSTAPPTests.debug.xcconfig */ = {isa = PBXFileReference; includeInIndex = 1; lastKnownFileType = text.xcconfig; name = "Pods-FIRSTAPPTests.debug.xcconfig"; path = "Target Support Files/Pods-FIRSTAPPTests/Pods-FIRSTAPPTests.debug.xcconfig"; sourceTree = "<group>"; };
		901057C14398FC20F52A680A /* Pods-FIRSTAPP-FIRSTAPPUITests.debug.xcconfig */ = {isa = PBXFileReference; includeInIndex = 1; lastKnownFileType = text.xcconfig; name = "Pods-FIRSTAPP-FIRSTAPPUITests.debug.xcconfig"; path = "Target Support Files/Pods-FIRSTAPP-FIRSTAPPUITests/Pods-FIRSTAPP-FIRSTAPPUITests.debug.xcconfig"; sourceTree = "<group>"; };
		978FEFE83BC57C4E1C82D124 /* Pods_FIRSTAPP.framework */ = {isa = PBXFileReference; explicitFileType = wrapper.framework; includeInIndex = 0; path = Pods_FIRSTAPP.framework; sourceTree = BUILT_PRODUCTS_DIR; };
		9E4931EF6DDEAAA8E70E6823 /* Pods-FIRSTAPP.debug.xcconfig */ = {isa = PBXFileReference; includeInIndex = 1; lastKnownFileType = text.xcconfig; name = "Pods-FIRSTAPP.debug.xcconfig"; path = "Target Support Files/Pods-FIRSTAPP/Pods-FIRSTAPP.debug.xcconfig"; sourceTree = "<group>"; };
		D3018AF329AE4963008834D8 /* FIRSTAPP.app */ = {isa = PBXFileReference; explicitFileType = wrapper.application; includeInIndex = 0; path = FIRSTAPP.app; sourceTree = BUILT_PRODUCTS_DIR; };
		D3018AF629AE4963008834D8 /* FIRSTAPPApp.swift */ = {isa = PBXFileReference; lastKnownFileType = sourcecode.swift; path = FIRSTAPPApp.swift; sourceTree = "<group>"; };
		D3018AF829AE4963008834D8 /* HomeView.swift */ = {isa = PBXFileReference; lastKnownFileType = sourcecode.swift; path = HomeView.swift; sourceTree = "<group>"; };
		D3018AFA29AE4964008834D8 /* Assets.xcassets */ = {isa = PBXFileReference; lastKnownFileType = folder.assetcatalog; path = Assets.xcassets; sourceTree = "<group>"; };
		D3018AFD29AE4964008834D8 /* Preview Assets.xcassets */ = {isa = PBXFileReference; lastKnownFileType = folder.assetcatalog; path = "Preview Assets.xcassets"; sourceTree = "<group>"; };
		D3018B0329AE4965008834D8 /* FIRSTAPPTests.xctest */ = {isa = PBXFileReference; explicitFileType = wrapper.cfbundle; includeInIndex = 0; path = FIRSTAPPTests.xctest; sourceTree = BUILT_PRODUCTS_DIR; };
		D3018B0729AE4965008834D8 /* FIRSTAPPTests.swift */ = {isa = PBXFileReference; lastKnownFileType = sourcecode.swift; path = FIRSTAPPTests.swift; sourceTree = "<group>"; };
		D3018B0D29AE4965008834D8 /* FIRSTAPPUITests.xctest */ = {isa = PBXFileReference; explicitFileType = wrapper.cfbundle; includeInIndex = 0; path = FIRSTAPPUITests.xctest; sourceTree = BUILT_PRODUCTS_DIR; };
		D3018B1129AE4965008834D8 /* FIRSTAPPUITests.swift */ = {isa = PBXFileReference; lastKnownFileType = sourcecode.swift; path = FIRSTAPPUITests.swift; sourceTree = "<group>"; };
		D3018B1329AE4965008834D8 /* FIRSTAPPUITestsLaunchTests.swift */ = {isa = PBXFileReference; lastKnownFileType = sourcecode.swift; path = FIRSTAPPUITestsLaunchTests.swift; sourceTree = "<group>"; };
		D3328AB829B097AB003596AF /* ChatView.swift */ = {isa = PBXFileReference; lastKnownFileType = sourcecode.swift; path = ChatView.swift; sourceTree = "<group>"; };
		D3328ABC29B0BC84003596AF /* UserListTile.swift */ = {isa = PBXFileReference; lastKnownFileType = sourcecode.swift; path = UserListTile.swift; sourceTree = "<group>"; };
		D3328ABE29B0BF4A003596AF /* UserModel.swift */ = {isa = PBXFileReference; lastKnownFileType = sourcecode.swift; path = UserModel.swift; sourceTree = "<group>"; };
		D3328AC029B0C548003596AF /* HomeViewModel.swift */ = {isa = PBXFileReference; lastKnownFileType = sourcecode.swift; path = HomeViewModel.swift; sourceTree = "<group>"; };
		D3328AC229B0C7B9003596AF /* ChatViewModel.swift */ = {isa = PBXFileReference; lastKnownFileType = sourcecode.swift; path = ChatViewModel.swift; sourceTree = "<group>"; };
		D37B784129B732DF009FDBBD /* CircularAvatarImageView.swift */ = {isa = PBXFileReference; lastKnownFileType = sourcecode.swift; path = CircularAvatarImageView.swift; sourceTree = "<group>"; };
		D37B784629B75452009FDBBD /* ChatModel.swift */ = {isa = PBXFileReference; lastKnownFileType = sourcecode.swift; path = ChatModel.swift; sourceTree = "<group>"; };
		D37B784929B759DB009FDBBD /* SocketioHelper.swift */ = {isa = PBXFileReference; lastKnownFileType = sourcecode.swift; path = SocketioHelper.swift; sourceTree = "<group>"; };
		DCD7EFD48AB04524591FA676 /* Pods-FIRSTAPPTests.release.xcconfig */ = {isa = PBXFileReference; includeInIndex = 1; lastKnownFileType = text.xcconfig; name = "Pods-FIRSTAPPTests.release.xcconfig"; path = "Target Support Files/Pods-FIRSTAPPTests/Pods-FIRSTAPPTests.release.xcconfig"; sourceTree = "<group>"; };
/* End PBXFileReference section */

/* Begin PBXFrameworksBuildPhase section */
		D3018AF029AE4963008834D8 /* Frameworks */ = {
			isa = PBXFrameworksBuildPhase;
			buildActionMask = 2147483647;
			files = (
				D386DA5729B231A200E84BC1 /* SwiftyJSON in Frameworks */,
				D30FC8EF29B2017900919207 /* Alamofire in Frameworks */,
				D37B784529B73B50009FDBBD /* URLImage in Frameworks */,
				D37B784D29B75ABE009FDBBD /* SocketIO in Frameworks */,
				309370A9B578631E40E49085 /* Pods_FIRSTAPP.framework in Frameworks */,
			);
			runOnlyForDeploymentPostprocessing = 0;
		};
		D3018B0029AE4965008834D8 /* Frameworks */ = {
			isa = PBXFrameworksBuildPhase;
			buildActionMask = 2147483647;
			files = (
				43638A8527798C22D086036E /* Pods_FIRSTAPPTests.framework in Frameworks */,
			);
			runOnlyForDeploymentPostprocessing = 0;
		};
		D3018B0A29AE4965008834D8 /* Frameworks */ = {
			isa = PBXFrameworksBuildPhase;
			buildActionMask = 2147483647;
			files = (
				AD1F3886E6D10D852FC8902E /* Pods_FIRSTAPP_FIRSTAPPUITests.framework in Frameworks */,
			);
			runOnlyForDeploymentPostprocessing = 0;
		};
/* End PBXFrameworksBuildPhase section */

/* Begin PBXGroup section */
		7FC1CCBE85E68886C2614DA0 /* Pods */ = {
			isa = PBXGroup;
			children = (
				9E4931EF6DDEAAA8E70E6823 /* Pods-FIRSTAPP.debug.xcconfig */,
				0E300ED111B220C91B790CCA /* Pods-FIRSTAPP.release.xcconfig */,
				901057C14398FC20F52A680A /* Pods-FIRSTAPP-FIRSTAPPUITests.debug.xcconfig */,
				1F54C0A18468380ACDE2E52C /* Pods-FIRSTAPP-FIRSTAPPUITests.release.xcconfig */,
				491DF025D2C76E3EAEF14ED3 /* Pods-FIRSTAPPTests.debug.xcconfig */,
				DCD7EFD48AB04524591FA676 /* Pods-FIRSTAPPTests.release.xcconfig */,
			);
			path = Pods;
			sourceTree = "<group>";
		};
		D3018AEA29AE4963008834D8 = {
			isa = PBXGroup;
			children = (
				D3018AF529AE4963008834D8 /* FIRSTAPP */,
				D3018B0629AE4965008834D8 /* FIRSTAPPTests */,
				D3018B1029AE4965008834D8 /* FIRSTAPPUITests */,
				D3018AF429AE4963008834D8 /* Products */,
				7FC1CCBE85E68886C2614DA0 /* Pods */,
				E824A241A7F662F852CC5765 /* Frameworks */,
			);
			sourceTree = "<group>";
		};
		D3018AF429AE4963008834D8 /* Products */ = {
			isa = PBXGroup;
			children = (
				D3018AF329AE4963008834D8 /* FIRSTAPP.app */,
				D3018B0329AE4965008834D8 /* FIRSTAPPTests.xctest */,
				D3018B0D29AE4965008834D8 /* FIRSTAPPUITests.xctest */,
			);
			name = Products;
			sourceTree = "<group>";
		};
		D3018AF529AE4963008834D8 /* FIRSTAPP */ = {
			isa = PBXGroup;
			children = (
				D37B784829B759A5009FDBBD /* Helpers */,
				D37B784029B73293009FDBBD /* Widgets */,
				D3328ABB29B09DD3003596AF /* ViewModels */,
				D3328ABA29B09DBF003596AF /* Models */,
				D3328AB429B09632003596AF /* Feature */,
				D3018AF629AE4963008834D8 /* FIRSTAPPApp.swift */,
				D3018AFA29AE4964008834D8 /* Assets.xcassets */,
				D3018AFC29AE4964008834D8 /* Preview Content */,
			);
			path = FIRSTAPP;
			sourceTree = "<group>";
		};
		D3018AFC29AE4964008834D8 /* Preview Content */ = {
			isa = PBXGroup;
			children = (
				D3018AFD29AE4964008834D8 /* Preview Assets.xcassets */,
			);
			path = "Preview Content";
			sourceTree = "<group>";
		};
		D3018B0629AE4965008834D8 /* FIRSTAPPTests */ = {
			isa = PBXGroup;
			children = (
				D3018B0729AE4965008834D8 /* FIRSTAPPTests.swift */,
			);
			path = FIRSTAPPTests;
			sourceTree = "<group>";
		};
		D3018B1029AE4965008834D8 /* FIRSTAPPUITests */ = {
			isa = PBXGroup;
			children = (
				D3018B1129AE4965008834D8 /* FIRSTAPPUITests.swift */,
				D3018B1329AE4965008834D8 /* FIRSTAPPUITestsLaunchTests.swift */,
			);
			path = FIRSTAPPUITests;
			sourceTree = "<group>";
		};
		D3328AB429B09632003596AF /* Feature */ = {
			isa = PBXGroup;
			children = (
				D3328AB729B096C0003596AF /* ChatView */,
				D3328AB629B096B8003596AF /* Home */,
			);
			path = Feature;
			sourceTree = "<group>";
		};
		D3328AB629B096B8003596AF /* Home */ = {
			isa = PBXGroup;
			children = (
				D3018AF829AE4963008834D8 /* HomeView.swift */,
				D3328ABC29B0BC84003596AF /* UserListTile.swift */,
			);
			path = Home;
			sourceTree = "<group>";
		};
		D3328AB729B096C0003596AF /* ChatView */ = {
			isa = PBXGroup;
			children = (
				D3328AB829B097AB003596AF /* ChatView.swift */,
			);
			path = ChatView;
			sourceTree = "<group>";
		};
		D3328ABA29B09DBF003596AF /* Models */ = {
			isa = PBXGroup;
			children = (
				D3328ABE29B0BF4A003596AF /* UserModel.swift */,
				D37B784629B75452009FDBBD /* ChatModel.swift */,
			);
			path = Models;
			sourceTree = "<group>";
		};
		D3328ABB29B09DD3003596AF /* ViewModels */ = {
			isa = PBXGroup;
			children = (
				D3328AC029B0C548003596AF /* HomeViewModel.swift */,
				D3328AC229B0C7B9003596AF /* ChatViewModel.swift */,
			);
			path = ViewModels;
			sourceTree = "<group>";
		};
		D37B784029B73293009FDBBD /* Widgets */ = {
			isa = PBXGroup;
			children = (
				D37B784129B732DF009FDBBD /* CircularAvatarImageView.swift */,
			);
			path = Widgets;
			sourceTree = "<group>";
		};
		D37B784829B759A5009FDBBD /* Helpers */ = {
			isa = PBXGroup;
			children = (
				D37B784929B759DB009FDBBD /* SocketioHelper.swift */,
			);
			path = Helpers;
			sourceTree = "<group>";
		};
		E824A241A7F662F852CC5765 /* Frameworks */ = {
			isa = PBXGroup;
			children = (
				978FEFE83BC57C4E1C82D124 /* Pods_FIRSTAPP.framework */,
				2D352EC2AF2F4559A0B40683 /* Pods_FIRSTAPP_FIRSTAPPUITests.framework */,
				192A0F03BDC1EC8F31026344 /* Pods_FIRSTAPPTests.framework */,
			);
			name = Frameworks;
			sourceTree = "<group>";
		};
/* End PBXGroup section */

/* Begin PBXNativeTarget section */
		D3018AF229AE4963008834D8 /* FIRSTAPP */ = {
			isa = PBXNativeTarget;
			buildConfigurationList = D3018B1729AE4965008834D8 /* Build configuration list for PBXNativeTarget "FIRSTAPP" */;
			buildPhases = (
				DA66AD6A298AB2C8D49730EC /* [CP] Check Pods Manifest.lock */,
				D3018AEF29AE4963008834D8 /* Sources */,
				D3018AF029AE4963008834D8 /* Frameworks */,
				D3018AF129AE4963008834D8 /* Resources */,
			);
			buildRules = (
			);
			dependencies = (
			);
			name = FIRSTAPP;
			packageProductDependencies = (
				D30FC8EE29B2017900919207 /* Alamofire */,
				D386DA5629B231A200E84BC1 /* SwiftyJSON */,
				D37B784429B73B50009FDBBD /* URLImage */,
				D37B784C29B75ABE009FDBBD /* SocketIO */,
			);
			productName = FIRSTAPP;
			productReference = D3018AF329AE4963008834D8 /* FIRSTAPP.app */;
			productType = "com.apple.product-type.application";
		};
		D3018B0229AE4965008834D8 /* FIRSTAPPTests */ = {
			isa = PBXNativeTarget;
			buildConfigurationList = D3018B1A29AE4965008834D8 /* Build configuration list for PBXNativeTarget "FIRSTAPPTests" */;
			buildPhases = (
				446B5EE21AD49D74F258F7FE /* [CP] Check Pods Manifest.lock */,
				D3018AFF29AE4965008834D8 /* Sources */,
				D3018B0029AE4965008834D8 /* Frameworks */,
				D3018B0129AE4965008834D8 /* Resources */,
			);
			buildRules = (
			);
			dependencies = (
				D3018B0529AE4965008834D8 /* PBXTargetDependency */,
			);
			name = FIRSTAPPTests;
			productName = FIRSTAPPTests;
			productReference = D3018B0329AE4965008834D8 /* FIRSTAPPTests.xctest */;
			productType = "com.apple.product-type.bundle.unit-test";
		};
		D3018B0C29AE4965008834D8 /* FIRSTAPPUITests */ = {
			isa = PBXNativeTarget;
			buildConfigurationList = D3018B1D29AE4965008834D8 /* Build configuration list for PBXNativeTarget "FIRSTAPPUITests" */;
			buildPhases = (
				B52C737B7D1EB02E2B6533A0 /* [CP] Check Pods Manifest.lock */,
				D3018B0929AE4965008834D8 /* Sources */,
				D3018B0A29AE4965008834D8 /* Frameworks */,
				D3018B0B29AE4965008834D8 /* Resources */,
			);
			buildRules = (
			);
			dependencies = (
				D3018B0F29AE4965008834D8 /* PBXTargetDependency */,
			);
			name = FIRSTAPPUITests;
			productName = FIRSTAPPUITests;
			productReference = D3018B0D29AE4965008834D8 /* FIRSTAPPUITests.xctest */;
			productType = "com.apple.product-type.bundle.ui-testing";
		};
/* End PBXNativeTarget section */

/* Begin PBXProject section */
		D3018AEB29AE4963008834D8 /* Project object */ = {
			isa = PBXProject;
			attributes = {
				BuildIndependentTargetsInParallel = 1;
				LastSwiftUpdateCheck = 1400;
				LastUpgradeCheck = 1400;
				TargetAttributes = {
					D3018AF229AE4963008834D8 = {
						CreatedOnToolsVersion = 14.0;
					};
					D3018B0229AE4965008834D8 = {
						CreatedOnToolsVersion = 14.0;
						TestTargetID = D3018AF229AE4963008834D8;
					};
					D3018B0C29AE4965008834D8 = {
						CreatedOnToolsVersion = 14.0;
						TestTargetID = D3018AF229AE4963008834D8;
					};
				};
			};
			buildConfigurationList = D3018AEE29AE4963008834D8 /* Build configuration list for PBXProject "FIRSTAPP" */;
			compatibilityVersion = "Xcode 14.0";
			developmentRegion = en;
			hasScannedForEncodings = 0;
			knownRegions = (
				en,
				Base,
			);
			mainGroup = D3018AEA29AE4963008834D8;
			packageReferences = (
				D30FC8ED29B2017900919207 /* XCRemoteSwiftPackageReference "Alamofire" */,
				D386DA5529B231A200E84BC1 /* XCRemoteSwiftPackageReference "SwiftyJSON" */,
				D37B784329B73B50009FDBBD /* XCRemoteSwiftPackageReference "url-image" */,
				D37B784B29B75ABE009FDBBD /* XCRemoteSwiftPackageReference "socket.io-client-swift" */,
			);
			productRefGroup = D3018AF429AE4963008834D8 /* Products */;
			projectDirPath = "";
			projectRoot = "";
			targets = (
				D3018AF229AE4963008834D8 /* FIRSTAPP */,
				D3018B0229AE4965008834D8 /* FIRSTAPPTests */,
				D3018B0C29AE4965008834D8 /* FIRSTAPPUITests */,
			);
		};
/* End PBXProject section */

/* Begin PBXResourcesBuildPhase section */
		D3018AF129AE4963008834D8 /* Resources */ = {
			isa = PBXResourcesBuildPhase;
			buildActionMask = 2147483647;
			files = (
				D3018AFE29AE4964008834D8 /* Preview Assets.xcassets in Resources */,
				D3018AFB29AE4964008834D8 /* Assets.xcassets in Resources */,
			);
			runOnlyForDeploymentPostprocessing = 0;
		};
		D3018B0129AE4965008834D8 /* Resources */ = {
			isa = PBXResourcesBuildPhase;
			buildActionMask = 2147483647;
			files = (
			);
			runOnlyForDeploymentPostprocessing = 0;
		};
		D3018B0B29AE4965008834D8 /* Resources */ = {
			isa = PBXResourcesBuildPhase;
			buildActionMask = 2147483647;
			files = (
			);
			runOnlyForDeploymentPostprocessing = 0;
		};
/* End PBXResourcesBuildPhase section */

/* Begin PBXShellScriptBuildPhase section */
		446B5EE21AD49D74F258F7FE /* [CP] Check Pods Manifest.lock */ = {
			isa = PBXShellScriptBuildPhase;
			buildActionMask = 2147483647;
			files = (
			);
			inputFileListPaths = (
			);
			inputPaths = (
				"${PODS_PODFILE_DIR_PATH}/Podfile.lock",
				"${PODS_ROOT}/Manifest.lock",
			);
			name = "[CP] Check Pods Manifest.lock";
			outputFileListPaths = (
			);
			outputPaths = (
				"$(DERIVED_FILE_DIR)/Pods-FIRSTAPPTests-checkManifestLockResult.txt",
			);
			runOnlyForDeploymentPostprocessing = 0;
			shellPath = /bin/sh;
			shellScript = "diff \"${PODS_PODFILE_DIR_PATH}/Podfile.lock\" \"${PODS_ROOT}/Manifest.lock\" > /dev/null\nif [ $? != 0 ] ; then\n    # print error to STDERR\n    echo \"error: The sandbox is not in sync with the Podfile.lock. Run 'pod install' or update your CocoaPods installation.\" >&2\n    exit 1\nfi\n# This output is used by Xcode 'outputs' to avoid re-running this script phase.\necho \"SUCCESS\" > \"${SCRIPT_OUTPUT_FILE_0}\"\n";
			showEnvVarsInLog = 0;
		};
		B52C737B7D1EB02E2B6533A0 /* [CP] Check Pods Manifest.lock */ = {
			isa = PBXShellScriptBuildPhase;
			buildActionMask = 2147483647;
			files = (
			);
			inputFileListPaths = (
			);
			inputPaths = (
				"${PODS_PODFILE_DIR_PATH}/Podfile.lock",
				"${PODS_ROOT}/Manifest.lock",
			);
			name = "[CP] Check Pods Manifest.lock";
			outputFileListPaths = (
			);
			outputPaths = (
				"$(DERIVED_FILE_DIR)/Pods-FIRSTAPP-FIRSTAPPUITests-checkManifestLockResult.txt",
			);
			runOnlyForDeploymentPostprocessing = 0;
			shellPath = /bin/sh;
			shellScript = "diff \"${PODS_PODFILE_DIR_PATH}/Podfile.lock\" \"${PODS_ROOT}/Manifest.lock\" > /dev/null\nif [ $? != 0 ] ; then\n    # print error to STDERR\n    echo \"error: The sandbox is not in sync with the Podfile.lock. Run 'pod install' or update your CocoaPods installation.\" >&2\n    exit 1\nfi\n# This output is used by Xcode 'outputs' to avoid re-running this script phase.\necho \"SUCCESS\" > \"${SCRIPT_OUTPUT_FILE_0}\"\n";
			showEnvVarsInLog = 0;
		};
		DA66AD6A298AB2C8D49730EC /* [CP] Check Pods Manifest.lock */ = {
			isa = PBXShellScriptBuildPhase;
			buildActionMask = 2147483647;
			files = (
			);
			inputFileListPaths = (
			);
			inputPaths = (
				"${PODS_PODFILE_DIR_PATH}/Podfile.lock",
				"${PODS_ROOT}/Manifest.lock",
			);
			name = "[CP] Check Pods Manifest.lock";
			outputFileListPaths = (
			);
			outputPaths = (
				"$(DERIVED_FILE_DIR)/Pods-FIRSTAPP-checkManifestLockResult.txt",
			);
			runOnlyForDeploymentPostprocessing = 0;
			shellPath = /bin/sh;
			shellScript = "diff \"${PODS_PODFILE_DIR_PATH}/Podfile.lock\" \"${PODS_ROOT}/Manifest.lock\" > /dev/null\nif [ $? != 0 ] ; then\n    # print error to STDERR\n    echo \"error: The sandbox is not in sync with the Podfile.lock. Run 'pod install' or update your CocoaPods installation.\" >&2\n    exit 1\nfi\n# This output is used by Xcode 'outputs' to avoid re-running this script phase.\necho \"SUCCESS\" > \"${SCRIPT_OUTPUT_FILE_0}\"\n";
			showEnvVarsInLog = 0;
		};
/* End PBXShellScriptBuildPhase section */

/* Begin PBXSourcesBuildPhase section */
		D3018AEF29AE4963008834D8 /* Sources */ = {
			isa = PBXSourcesBuildPhase;
			buildActionMask = 2147483647;
			files = (
				D3018AF929AE4963008834D8 /* HomeView.swift in Sources */,
				D3328AC329B0C7B9003596AF /* ChatViewModel.swift in Sources */,
				D37B784A29B759DB009FDBBD /* SocketioHelper.swift in Sources */,
				D37B784229B732DF009FDBBD /* CircularAvatarImageView.swift in Sources */,
				D3328AC129B0C548003596AF /* HomeViewModel.swift in Sources */,
				D3328AB929B097AB003596AF /* ChatView.swift in Sources */,
				D3328ABD29B0BC84003596AF /* UserListTile.swift in Sources */,
				D3328ABF29B0BF4A003596AF /* UserModel.swift in Sources */,
				D3018AF729AE4963008834D8 /* FIRSTAPPApp.swift in Sources */,
				D37B784729B75452009FDBBD /* ChatModel.swift in Sources */,
			);
			runOnlyForDeploymentPostprocessing = 0;
		};
		D3018AFF29AE4965008834D8 /* Sources */ = {
			isa = PBXSourcesBuildPhase;
			buildActionMask = 2147483647;
			files = (
				D3018B0829AE4965008834D8 /* FIRSTAPPTests.swift in Sources */,
			);
			runOnlyForDeploymentPostprocessing = 0;
		};
		D3018B0929AE4965008834D8 /* Sources */ = {
			isa = PBXSourcesBuildPhase;
			buildActionMask = 2147483647;
			files = (
				D3018B1429AE4965008834D8 /* FIRSTAPPUITestsLaunchTests.swift in Sources */,
				D3018B1229AE4965008834D8 /* FIRSTAPPUITests.swift in Sources */,
			);
			runOnlyForDeploymentPostprocessing = 0;
		};
/* End PBXSourcesBuildPhase section */

/* Begin PBXTargetDependency section */
		D3018B0529AE4965008834D8 /* PBXTargetDependency */ = {
			isa = PBXTargetDependency;
			target = D3018AF229AE4963008834D8 /* FIRSTAPP */;
			targetProxy = D3018B0429AE4965008834D8 /* PBXContainerItemProxy */;
		};
		D3018B0F29AE4965008834D8 /* PBXTargetDependency */ = {
			isa = PBXTargetDependency;
			target = D3018AF229AE4963008834D8 /* FIRSTAPP */;
			targetProxy = D3018B0E29AE4965008834D8 /* PBXContainerItemProxy */;
		};
/* End PBXTargetDependency section */

/* Begin XCBuildConfiguration section */
		D3018B1529AE4965008834D8 /* Debug */ = {
			isa = XCBuildConfiguration;
			buildSettings = {
				ALWAYS_SEARCH_USER_PATHS = NO;
				CLANG_ANALYZER_NONNULL = YES;
				CLANG_ANALYZER_NUMBER_OBJECT_CONVERSION = YES_AGGRESSIVE;
				CLANG_CXX_LANGUAGE_STANDARD = "gnu++20";
				CLANG_ENABLE_MODULES = YES;
				CLANG_ENABLE_OBJC_ARC = YES;
				CLANG_ENABLE_OBJC_WEAK = YES;
				CLANG_WARN_BLOCK_CAPTURE_AUTORELEASING = YES;
				CLANG_WARN_BOOL_CONVERSION = YES;
				CLANG_WARN_COMMA = YES;
				CLANG_WARN_CONSTANT_CONVERSION = YES;
				CLANG_WARN_DEPRECATED_OBJC_IMPLEMENTATIONS = YES;
				CLANG_WARN_DIRECT_OBJC_ISA_USAGE = YES_ERROR;
				CLANG_WARN_DOCUMENTATION_COMMENTS = YES;
				CLANG_WARN_EMPTY_BODY = YES;
				CLANG_WARN_ENUM_CONVERSION = YES;
				CLANG_WARN_INFINITE_RECURSION = YES;
				CLANG_WARN_INT_CONVERSION = YES;
				CLANG_WARN_NON_LITERAL_NULL_CONVERSION = YES;
				CLANG_WARN_OBJC_IMPLICIT_RETAIN_SELF = YES;
				CLANG_WARN_OBJC_LITERAL_CONVERSION = YES;
				CLANG_WARN_OBJC_ROOT_CLASS = YES_ERROR;
				CLANG_WARN_QUOTED_INCLUDE_IN_FRAMEWORK_HEADER = YES;
				CLANG_WARN_RANGE_LOOP_ANALYSIS = YES;
				CLANG_WARN_STRICT_PROTOTYPES = YES;
				CLANG_WARN_SUSPICIOUS_MOVE = YES;
				CLANG_WARN_UNGUARDED_AVAILABILITY = YES_AGGRESSIVE;
				CLANG_WARN_UNREACHABLE_CODE = YES;
				CLANG_WARN__DUPLICATE_METHOD_MATCH = YES;
				COPY_PHASE_STRIP = NO;
				DEBUG_INFORMATION_FORMAT = dwarf;
				ENABLE_STRICT_OBJC_MSGSEND = YES;
				ENABLE_TESTABILITY = YES;
				GCC_C_LANGUAGE_STANDARD = gnu11;
				GCC_DYNAMIC_NO_PIC = NO;
				GCC_NO_COMMON_BLOCKS = YES;
				GCC_OPTIMIZATION_LEVEL = 0;
				GCC_PREPROCESSOR_DEFINITIONS = (
					"DEBUG=1",
					"$(inherited)",
				);
				GCC_WARN_64_TO_32_BIT_CONVERSION = YES;
				GCC_WARN_ABOUT_RETURN_TYPE = YES_ERROR;
				GCC_WARN_UNDECLARED_SELECTOR = YES;
				GCC_WARN_UNINITIALIZED_AUTOS = YES_AGGRESSIVE;
				GCC_WARN_UNUSED_FUNCTION = YES;
				GCC_WARN_UNUSED_VARIABLE = YES;
				IPHONEOS_DEPLOYMENT_TARGET = 16.0;
				MTL_ENABLE_DEBUG_INFO = INCLUDE_SOURCE;
				MTL_FAST_MATH = YES;
				ONLY_ACTIVE_ARCH = YES;
				SDKROOT = iphoneos;
				SWIFT_ACTIVE_COMPILATION_CONDITIONS = DEBUG;
				SWIFT_OPTIMIZATION_LEVEL = "-Onone";
			};
			name = Debug;
		};
		D3018B1629AE4965008834D8 /* Release */ = {
			isa = XCBuildConfiguration;
			buildSettings = {
				ALWAYS_SEARCH_USER_PATHS = NO;
				CLANG_ANALYZER_NONNULL = YES;
				CLANG_ANALYZER_NUMBER_OBJECT_CONVERSION = YES_AGGRESSIVE;
				CLANG_CXX_LANGUAGE_STANDARD = "gnu++20";
				CLANG_ENABLE_MODULES = YES;
				CLANG_ENABLE_OBJC_ARC = YES;
				CLANG_ENABLE_OBJC_WEAK = YES;
				CLANG_WARN_BLOCK_CAPTURE_AUTORELEASING = YES;
				CLANG_WARN_BOOL_CONVERSION = YES;
				CLANG_WARN_COMMA = YES;
				CLANG_WARN_CONSTANT_CONVERSION = YES;
				CLANG_WARN_DEPRECATED_OBJC_IMPLEMENTATIONS = YES;
				CLANG_WARN_DIRECT_OBJC_ISA_USAGE = YES_ERROR;
				CLANG_WARN_DOCUMENTATION_COMMENTS = YES;
				CLANG_WARN_EMPTY_BODY = YES;
				CLANG_WARN_ENUM_CONVERSION = YES;
				CLANG_WARN_INFINITE_RECURSION = YES;
				CLANG_WARN_INT_CONVERSION = YES;
				CLANG_WARN_NON_LITERAL_NULL_CONVERSION = YES;
				CLANG_WARN_OBJC_IMPLICIT_RETAIN_SELF = YES;
				CLANG_WARN_OBJC_LITERAL_CONVERSION = YES;
				CLANG_WARN_OBJC_ROOT_CLASS = YES_ERROR;
				CLANG_WARN_QUOTED_INCLUDE_IN_FRAMEWORK_HEADER = YES;
				CLANG_WARN_RANGE_LOOP_ANALYSIS = YES;
				CLANG_WARN_STRICT_PROTOTYPES = YES;
				CLANG_WARN_SUSPICIOUS_MOVE = YES;
				CLANG_WARN_UNGUARDED_AVAILABILITY = YES_AGGRESSIVE;
				CLANG_WARN_UNREACHABLE_CODE = YES;
				CLANG_WARN__DUPLICATE_METHOD_MATCH = YES;
				COPY_PHASE_STRIP = NO;
				DEBUG_INFORMATION_FORMAT = "dwarf-with-dsym";
				ENABLE_NS_ASSERTIONS = NO;
				ENABLE_STRICT_OBJC_MSGSEND = YES;
				GCC_C_LANGUAGE_STANDARD = gnu11;
				GCC_NO_COMMON_BLOCKS = YES;
				GCC_WARN_64_TO_32_BIT_CONVERSION = YES;
				GCC_WARN_ABOUT_RETURN_TYPE = YES_ERROR;
				GCC_WARN_UNDECLARED_SELECTOR = YES;
				GCC_WARN_UNINITIALIZED_AUTOS = YES_AGGRESSIVE;
				GCC_WARN_UNUSED_FUNCTION = YES;
				GCC_WARN_UNUSED_VARIABLE = YES;
				IPHONEOS_DEPLOYMENT_TARGET = 16.0;
				MTL_ENABLE_DEBUG_INFO = NO;
				MTL_FAST_MATH = YES;
				SDKROOT = iphoneos;
				SWIFT_COMPILATION_MODE = wholemodule;
				SWIFT_OPTIMIZATION_LEVEL = "-O";
				VALIDATE_PRODUCT = YES;
			};
			name = Release;
		};
		D3018B1829AE4965008834D8 /* Debug */ = {
			isa = XCBuildConfiguration;
			baseConfigurationReference = 9E4931EF6DDEAAA8E70E6823 /* Pods-FIRSTAPP.debug.xcconfig */;
			buildSettings = {
				ASSETCATALOG_COMPILER_APPICON_NAME = AppIcon;
				ASSETCATALOG_COMPILER_GLOBAL_ACCENT_COLOR_NAME = AccentColor;
				CODE_SIGN_STYLE = Automatic;
				CURRENT_PROJECT_VERSION = 1;
				DEVELOPMENT_ASSET_PATHS = "\"FIRSTAPP/Preview Content\"";
				ENABLE_PREVIEWS = YES;
				FRAMEWORK_SEARCH_PATHS = "";
				GENERATE_INFOPLIST_FILE = YES;
				HEADER_SEARCH_PATHS = "";
				INFOPLIST_KEY_UIApplicationSceneManifest_Generation = YES;
				INFOPLIST_KEY_UIApplicationSupportsIndirectInputEvents = YES;
				INFOPLIST_KEY_UILaunchScreen_Generation = YES;
				INFOPLIST_KEY_UISupportedInterfaceOrientations_iPad = "UIInterfaceOrientationPortrait UIInterfaceOrientationPortraitUpsideDown UIInterfaceOrientationLandscapeLeft UIInterfaceOrientationLandscapeRight";
				INFOPLIST_KEY_UISupportedInterfaceOrientations_iPhone = "UIInterfaceOrientationPortrait UIInterfaceOrientationLandscapeLeft UIInterfaceOrientationLandscapeRight";
				LD_RUNPATH_SEARCH_PATHS = (
					"$(inherited)",
					"@executable_path/Frameworks",
				);
				MARKETING_VERSION = 1.0;
				PRODUCT_BUNDLE_IDENTIFIER = com.fms.firstapp.FIRSTAPP;
				PRODUCT_NAME = "$(TARGET_NAME)";
				SWIFT_EMIT_LOC_STRINGS = YES;
				SWIFT_VERSION = 5.0;
				TARGETED_DEVICE_FAMILY = "1,2";
			};
			name = Debug;
		};
		D3018B1929AE4965008834D8 /* Release */ = {
			isa = XCBuildConfiguration;
			baseConfigurationReference = 0E300ED111B220C91B790CCA /* Pods-FIRSTAPP.release.xcconfig */;
			buildSettings = {
				ASSETCATALOG_COMPILER_APPICON_NAME = AppIcon;
				ASSETCATALOG_COMPILER_GLOBAL_ACCENT_COLOR_NAME = AccentColor;
				CODE_SIGN_STYLE = Automatic;
				CURRENT_PROJECT_VERSION = 1;
				DEVELOPMENT_ASSET_PATHS = "\"FIRSTAPP/Preview Content\"";
				ENABLE_PREVIEWS = YES;
				FRAMEWORK_SEARCH_PATHS = "";
				GENERATE_INFOPLIST_FILE = YES;
				HEADER_SEARCH_PATHS = "";
				INFOPLIST_KEY_UIApplicationSceneManifest_Generation = YES;
				INFOPLIST_KEY_UIApplicationSupportsIndirectInputEvents = YES;
				INFOPLIST_KEY_UILaunchScreen_Generation = YES;
				INFOPLIST_KEY_UISupportedInterfaceOrientations_iPad = "UIInterfaceOrientationPortrait UIInterfaceOrientationPortraitUpsideDown UIInterfaceOrientationLandscapeLeft UIInterfaceOrientationLandscapeRight";
				INFOPLIST_KEY_UISupportedInterfaceOrientations_iPhone = "UIInterfaceOrientationPortrait UIInterfaceOrientationLandscapeLeft UIInterfaceOrientationLandscapeRight";
				LD_RUNPATH_SEARCH_PATHS = (
					"$(inherited)",
					"@executable_path/Frameworks",
				);
				MARKETING_VERSION = 1.0;
				PRODUCT_BUNDLE_IDENTIFIER = com.fms.firstapp.FIRSTAPP;
				PRODUCT_NAME = "$(TARGET_NAME)";
				SWIFT_EMIT_LOC_STRINGS = YES;
				SWIFT_VERSION = 5.0;
				TARGETED_DEVICE_FAMILY = "1,2";
			};
			name = Release;
		};
		D3018B1B29AE4965008834D8 /* Debug */ = {
			isa = XCBuildConfiguration;
			baseConfigurationReference = 491DF025D2C76E3EAEF14ED3 /* Pods-FIRSTAPPTests.debug.xcconfig */;
			buildSettings = {
				ALWAYS_EMBED_SWIFT_STANDARD_LIBRARIES = YES;
				BUNDLE_LOADER = "$(TEST_HOST)";
				CODE_SIGN_STYLE = Automatic;
				CURRENT_PROJECT_VERSION = 1;
				FRAMEWORK_SEARCH_PATHS = "";
				GENERATE_INFOPLIST_FILE = YES;
				IPHONEOS_DEPLOYMENT_TARGET = 16.0;
				MARKETING_VERSION = 1.0;
				PRODUCT_BUNDLE_IDENTIFIER = com.fms.firstapp.FIRSTAPPTests;
				PRODUCT_NAME = "$(TARGET_NAME)";
				SWIFT_EMIT_LOC_STRINGS = NO;
				SWIFT_VERSION = 5.0;
				TARGETED_DEVICE_FAMILY = "1,2";
				TEST_HOST = "$(BUILT_PRODUCTS_DIR)/FIRSTAPP.app/$(BUNDLE_EXECUTABLE_FOLDER_PATH)/FIRSTAPP";
			};
			name = Debug;
		};
		D3018B1C29AE4965008834D8 /* Release */ = {
			isa = XCBuildConfiguration;
			baseConfigurationReference = DCD7EFD48AB04524591FA676 /* Pods-FIRSTAPPTests.release.xcconfig */;
			buildSettings = {
				ALWAYS_EMBED_SWIFT_STANDARD_LIBRARIES = YES;
				BUNDLE_LOADER = "$(TEST_HOST)";
				CODE_SIGN_STYLE = Automatic;
				CURRENT_PROJECT_VERSION = 1;
				FRAMEWORK_SEARCH_PATHS = "";
				GENERATE_INFOPLIST_FILE = YES;
				IPHONEOS_DEPLOYMENT_TARGET = 16.0;
				MARKETING_VERSION = 1.0;
				PRODUCT_BUNDLE_IDENTIFIER = com.fms.firstapp.FIRSTAPPTests;
				PRODUCT_NAME = "$(TARGET_NAME)";
				SWIFT_EMIT_LOC_STRINGS = NO;
				SWIFT_VERSION = 5.0;
				TARGETED_DEVICE_FAMILY = "1,2";
				TEST_HOST = "$(BUILT_PRODUCTS_DIR)/FIRSTAPP.app/$(BUNDLE_EXECUTABLE_FOLDER_PATH)/FIRSTAPP";
			};
			name = Release;
		};
		D3018B1E29AE4965008834D8 /* Debug */ = {
			isa = XCBuildConfiguration;
			baseConfigurationReference = 901057C14398FC20F52A680A /* Pods-FIRSTAPP-FIRSTAPPUITests.debug.xcconfig */;
			buildSettings = {
				ALWAYS_EMBED_SWIFT_STANDARD_LIBRARIES = YES;
				CODE_SIGN_STYLE = Automatic;
				CURRENT_PROJECT_VERSION = 1;
				FRAMEWORK_SEARCH_PATHS = "";
				GENERATE_INFOPLIST_FILE = YES;
				MARKETING_VERSION = 1.0;
				PRODUCT_BUNDLE_IDENTIFIER = com.fms.firstapp.FIRSTAPPUITests;
				PRODUCT_NAME = "$(TARGET_NAME)";
				SWIFT_EMIT_LOC_STRINGS = NO;
				SWIFT_VERSION = 5.0;
				TARGETED_DEVICE_FAMILY = "1,2";
				TEST_TARGET_NAME = FIRSTAPP;
			};
			name = Debug;
		};
		D3018B1F29AE4965008834D8 /* Release */ = {
			isa = XCBuildConfiguration;
			baseConfigurationReference = 1F54C0A18468380ACDE2E52C /* Pods-FIRSTAPP-FIRSTAPPUITests.release.xcconfig */;
			buildSettings = {
				ALWAYS_EMBED_SWIFT_STANDARD_LIBRARIES = YES;
				CODE_SIGN_STYLE = Automatic;
				CURRENT_PROJECT_VERSION = 1;
				FRAMEWORK_SEARCH_PATHS = "";
				GENERATE_INFOPLIST_FILE = YES;
				MARKETING_VERSION = 1.0;
				PRODUCT_BUNDLE_IDENTIFIER = com.fms.firstapp.FIRSTAPPUITests;
				PRODUCT_NAME = "$(TARGET_NAME)";
				SWIFT_EMIT_LOC_STRINGS = NO;
				SWIFT_VERSION = 5.0;
				TARGETED_DEVICE_FAMILY = "1,2";
				TEST_TARGET_NAME = FIRSTAPP;
			};
			name = Release;
		};
/* End XCBuildConfiguration section */

/* Begin XCConfigurationList section */
		D3018AEE29AE4963008834D8 /* Build configuration list for PBXProject "FIRSTAPP" */ = {
			isa = XCConfigurationList;
			buildConfigurations = (
				D3018B1529AE4965008834D8 /* Debug */,
				D3018B1629AE4965008834D8 /* Release */,
			);
			defaultConfigurationIsVisible = 0;
			defaultConfigurationName = Release;
		};
		D3018B1729AE4965008834D8 /* Build configuration list for PBXNativeTarget "FIRSTAPP" */ = {
			isa = XCConfigurationList;
			buildConfigurations = (
				D3018B1829AE4965008834D8 /* Debug */,
				D3018B1929AE4965008834D8 /* Release */,
			);
			defaultConfigurationIsVisible = 0;
			defaultConfigurationName = Release;
		};
		D3018B1A29AE4965008834D8 /* Build configuration list for PBXNativeTarget "FIRSTAPPTests" */ = {
			isa = XCConfigurationList;
			buildConfigurations = (
				D3018B1B29AE4965008834D8 /* Debug */,
				D3018B1C29AE4965008834D8 /* Release */,
			);
			defaultConfigurationIsVisible = 0;
			defaultConfigurationName = Release;
		};
		D3018B1D29AE4965008834D8 /* Build configuration list for PBXNativeTarget "FIRSTAPPUITests" */ = {
			isa = XCConfigurationList;
			buildConfigurations = (
				D3018B1E29AE4965008834D8 /* Debug */,
				D3018B1F29AE4965008834D8 /* Release */,
			);
			defaultConfigurationIsVisible = 0;
			defaultConfigurationName = Release;
		};
/* End XCConfigurationList section */

/* Begin XCRemoteSwiftPackageReference section */
		D30FC8ED29B2017900919207 /* XCRemoteSwiftPackageReference "Alamofire" */ = {
			isa = XCRemoteSwiftPackageReference;
			repositoryURL = "https://github.com/Alamofire/Alamofire";
			requirement = {
				branch = master;
				kind = branch;
			};
		};
		D37B784329B73B50009FDBBD /* XCRemoteSwiftPackageReference "url-image" */ = {
			isa = XCRemoteSwiftPackageReference;
			repositoryURL = "https://github.com/dmytro-anokhin/url-image";
			requirement = {
				kind = upToNextMajorVersion;
				minimumVersion = 3.0.0;
			};
		};
		D37B784B29B75ABE009FDBBD /* XCRemoteSwiftPackageReference "socket.io-client-swift" */ = {
			isa = XCRemoteSwiftPackageReference;
			repositoryURL = "https://github.com/socketio/socket.io-client-swift";
			requirement = {
				branch = master;
				kind = branch;
			};
		};
		D386DA5529B231A200E84BC1 /* XCRemoteSwiftPackageReference "SwiftyJSON" */ = {
			isa = XCRemoteSwiftPackageReference;
			repositoryURL = "https://github.com/SwiftyJSON/SwiftyJSON";
			requirement = {
				kind = upToNextMajorVersion;
				minimumVersion = 5.0.0;
			};
		};
/* End XCRemoteSwiftPackageReference section */

/* Begin XCSwiftPackageProductDependency section */
		D30FC8EE29B2017900919207 /* Alamofire */ = {
			isa = XCSwiftPackageProductDependency;
			package = D30FC8ED29B2017900919207 /* XCRemoteSwiftPackageReference "Alamofire" */;
			productName = Alamofire;
		};
		D37B784429B73B50009FDBBD /* URLImage */ = {
			isa = XCSwiftPackageProductDependency;
			package = D37B784329B73B50009FDBBD /* XCRemoteSwiftPackageReference "url-image" */;
			productName = URLImage;
		};
		D37B784C29B75ABE009FDBBD /* SocketIO */ = {
			isa = XCSwiftPackageProductDependency;
			package = D37B784B29B75ABE009FDBBD /* XCRemoteSwiftPackageReference "socket.io-client-swift" */;
			productName = SocketIO;
		};
		D386DA5629B231A200E84BC1 /* SwiftyJSON */ = {
			isa = XCSwiftPackageProductDependency;
			package = D386DA5529B231A200E84BC1 /* XCRemoteSwiftPackageReference "SwiftyJSON" */;
			productName = SwiftyJSON;
		};
/* End XCSwiftPackageProductDependency section */
	};
	rootObject = D3018AEB29AE4963008834D8 /* Project object */;
}
